
Microsoft Visual Studio Solution File, Format Version 12.00
# Visual Studio Version 17
VisualStudioVersion = 17.9.34902.65
MinimumVisualStudioVersion = 10.0.40219.1
Project("{F184B08F-C81C-45F6-A57F-5ABD9991F28F}") = "testProj", "testProj.vbproj", "{3502EBA3-CE66-48EC-85C1-1653CF5B8FE1}"
EndProject
Global
	GlobalSection(SolutionConfigurationPlatforms) = preSolution
		Debug|Any CPU = Debug|Any CPU
		Release|Any CPU = Release|Any CPU
	EndGlobalSection
	GlobalSection(ProjectConfigurationPlatforms) = postSolution
		{3502EBA3-CE66-48EC-85C1-1653CF5B8FE1}.Debug|Any CPU.ActiveCfg = Debug|Any CPU
		{3502EBA3-CE66-48EC-85C1-1653CF5B8FE1}.Debug|Any CPU.Build.0 = Debug|Any CPU
		{3502EBA3-CE66-48EC-85C1-1653CF5B8FE1}.Release|Any CPU.ActiveCfg = Release|Any CPU
		{3502EBA3-CE66-48EC-85C1-1653CF5B8FE1}.Release|Any CPU.Build.0 = Release|Any CPU
	EndGlobalSection
	GlobalSection(SolutionProperties) = preSolution
		HideSolutionNode = FALSE
	EndGlobalSection
	GlobalSection(ExtensibilityGlobals) = postSolution
		SolutionGuid = {33827408-B665-4A9C-85B8-7D8663F6042C}
	EndGlobalSection
EndGlobal
